
Microsoft Visual Studio Solution File, Format Version 11.00
# Visual C# Express 2010
Project("{FAE04EC0-301F-11D3-BF4B-00C04F79EFBC}") = "UI", "UI\UI.csproj", "{E27C83C1-84E8-42E8-8D52-08300915D483}"
EndProject
Project("{FAE04EC0-301F-11D3-BF4B-00C04F79EFBC}") = "Hotkeys", "Hotkeys\Hotkeys.csproj", "{C2C6FC4E-D707-44BA-9358-C38760668960}"
EndProject
Project("{FAE04EC0-301F-11D3-BF4B-00C04F79EFBC}") = "Screenshots", "Screenshots\Screenshots.csproj", "{E71057AC-550D-45AC-84B1-087FDA99D15D}"
EndProject
Project("{FAE04EC0-301F-11D3-BF4B-00C04F79EFBC}") = "FindWindows", "FindWindows\FindWindows.csproj", "{4BEEFBE1-8763-4CBE-9906-2ABE64166EC8}"
EndProject
Project("{FAE04EC0-301F-11D3-BF4B-00C04F79EFBC}") = "Storages", "Storages\Storages.csproj", "{CE713AD1-3066-4AD1-87BF-87D982909C18}"
EndProject
Project("{FAE04EC0-301F-11D3-BF4B-00C04F79EFBC}") = "Configuration", "Config\Configuration.csproj", "{3D1D8595-EFC1-4268-9863-22DED927E447}"
EndProject
Global
	GlobalSection(SolutionConfigurationPlatforms) = preSolution
		Debug|Any CPU = Debug|Any CPU
		Debug|Mixed Platforms = Debug|Mixed Platforms
		Debug|x86 = Debug|x86
		Release|Any CPU = Release|Any CPU
		Release|Mixed Platforms = Release|Mixed Platforms
		Release|x86 = Release|x86
	EndGlobalSection
	GlobalSection(ProjectConfigurationPlatforms) = postSolution
		{E27C83C1-84E8-42E8-8D52-08300915D483}.Debug|Any CPU.ActiveCfg = Debug|x86
		{E27C83C1-84E8-42E8-8D52-08300915D483}.Debug|Mixed Platforms.ActiveCfg = Debug|x86
		{E27C83C1-84E8-42E8-8D52-08300915D483}.Debug|Mixed Platforms.Build.0 = Debug|x86
		{E27C83C1-84E8-42E8-8D52-08300915D483}.Debug|x86.ActiveCfg = Debug|x86
		{E27C83C1-84E8-42E8-8D52-08300915D483}.Debug|x86.Build.0 = Debug|x86
		{E27C83C1-84E8-42E8-8D52-08300915D483}.Release|Any CPU.ActiveCfg = Release|x86
		{E27C83C1-84E8-42E8-8D52-08300915D483}.Release|Mixed Platforms.ActiveCfg = Release|x86
		{E27C83C1-84E8-42E8-8D52-08300915D483}.Release|Mixed Platforms.Build.0 = Release|x86
		{E27C83C1-84E8-42E8-8D52-08300915D483}.Release|x86.ActiveCfg = Release|x86
		{E27C83C1-84E8-42E8-8D52-08300915D483}.Release|x86.Build.0 = Release|x86
		{C2C6FC4E-D707-44BA-9358-C38760668960}.Debug|Any CPU.ActiveCfg = Debug|Any CPU
		{C2C6FC4E-D707-44BA-9358-C38760668960}.Debug|Any CPU.Build.0 = Debug|Any CPU
		{C2C6FC4E-D707-44BA-9358-C38760668960}.Debug|Mixed Platforms.ActiveCfg = Debug|Any CPU
		{C2C6FC4E-D707-44BA-9358-C38760668960}.Debug|Mixed Platforms.Build.0 = Debug|Any CPU
		{C2C6FC4E-D707-44BA-9358-C38760668960}.Debug|x86.ActiveCfg = Debug|Any CPU
		{C2C6FC4E-D707-44BA-9358-C38760668960}.Release|Any CPU.ActiveCfg = Release|Any CPU
		{C2C6FC4E-D707-44BA-9358-C38760668960}.Release|Any CPU.Build.0 = Release|Any CPU
		{C2C6FC4E-D707-44BA-9358-C38760668960}.Release|Mixed Platforms.ActiveCfg = Release|Any CPU
		{C2C6FC4E-D707-44BA-9358-C38760668960}.Release|Mixed Platforms.Build.0 = Release|Any CPU
		{C2C6FC4E-D707-44BA-9358-C38760668960}.Release|x86.ActiveCfg = Release|Any CPU
		{E71057AC-550D-45AC-84B1-087FDA99D15D}.Debug|Any CPU.ActiveCfg = Debug|Any CPU
		{E71057AC-550D-45AC-84B1-087FDA99D15D}.Debug|Any CPU.Build.0 = Debug|Any CPU
		{E71057AC-550D-45AC-84B1-087FDA99D15D}.Debug|Mixed Platforms.ActiveCfg = Debug|Any CPU
		{E71057AC-550D-45AC-84B1-087FDA99D15D}.Debug|Mixed Platforms.Build.0 = Debug|Any CPU
		{E71057AC-550D-45AC-84B1-087FDA99D15D}.Debug|x86.ActiveCfg = Debug|Any CPU
		{E71057AC-550D-45AC-84B1-087FDA99D15D}.Release|Any CPU.ActiveCfg = Release|Any CPU
		{E71057AC-550D-45AC-84B1-087FDA99D15D}.Release|Any CPU.Build.0 = Release|Any CPU
		{E71057AC-550D-45AC-84B1-087FDA99D15D}.Release|Mixed Platforms.ActiveCfg = Release|Any CPU
		{E71057AC-550D-45AC-84B1-087FDA99D15D}.Release|Mixed Platforms.Build.0 = Release|Any CPU
		{E71057AC-550D-45AC-84B1-087FDA99D15D}.Release|x86.ActiveCfg = Release|Any CPU
		{4BEEFBE1-8763-4CBE-9906-2ABE64166EC8}.Debug|Any CPU.ActiveCfg = Debug|Any CPU
		{4BEEFBE1-8763-4CBE-9906-2ABE64166EC8}.Debug|Any CPU.Build.0 = Debug|Any CPU
		{4BEEFBE1-8763-4CBE-9906-2ABE64166EC8}.Debug|Mixed Platforms.ActiveCfg = Debug|Any CPU
		{4BEEFBE1-8763-4CBE-9906-2ABE64166EC8}.Debug|Mixed Platforms.Build.0 = Debug|Any CPU
		{4BEEFBE1-8763-4CBE-9906-2ABE64166EC8}.Debug|x86.ActiveCfg = Debug|Any CPU
		{4BEEFBE1-8763-4CBE-9906-2ABE64166EC8}.Release|Any CPU.ActiveCfg = Release|Any CPU
		{4BEEFBE1-8763-4CBE-9906-2ABE64166EC8}.Release|Any CPU.Build.0 = Release|Any CPU
		{4BEEFBE1-8763-4CBE-9906-2ABE64166EC8}.Release|Mixed Platforms.ActiveCfg = Release|Any CPU
		{4BEEFBE1-8763-4CBE-9906-2ABE64166EC8}.Release|Mixed Platforms.Build.0 = Release|Any CPU
		{4BEEFBE1-8763-4CBE-9906-2ABE64166EC8}.Release|x86.ActiveCfg = Release|Any CPU
		{CE713AD1-3066-4AD1-87BF-87D982909C18}.Debug|Any CPU.ActiveCfg = Debug|Any CPU
		{CE713AD1-3066-4AD1-87BF-87D982909C18}.Debug|Any CPU.Build.0 = Debug|Any CPU
		{CE713AD1-3066-4AD1-87BF-87D982909C18}.Debug|Mixed Platforms.ActiveCfg = Debug|Any CPU
		{CE713AD1-3066-4AD1-87BF-87D982909C18}.Debug|Mixed Platforms.Build.0 = Debug|Any CPU
		{CE713AD1-3066-4AD1-87BF-87D982909C18}.Debug|x86.ActiveCfg = Debug|Any CPU
		{CE713AD1-3066-4AD1-87BF-87D982909C18}.Release|Any CPU.ActiveCfg = Release|Any CPU
		{CE713AD1-3066-4AD1-87BF-87D982909C18}.Release|Any CPU.Build.0 = Release|Any CPU
		{CE713AD1-3066-4AD1-87BF-87D982909C18}.Release|Mixed Platforms.ActiveCfg = Release|Any CPU
		{CE713AD1-3066-4AD1-87BF-87D982909C18}.Release|Mixed Platforms.Build.0 = Release|Any CPU
		{CE713AD1-3066-4AD1-87BF-87D982909C18}.Release|x86.ActiveCfg = Release|Any CPU
		{3D1D8595-EFC1-4268-9863-22DED927E447}.Debug|Any CPU.ActiveCfg = Debug|Any CPU
		{3D1D8595-EFC1-4268-9863-22DED927E447}.Debug|Any CPU.Build.0 = Debug|Any CPU
		{3D1D8595-EFC1-4268-9863-22DED927E447}.Debug|Mixed Platforms.ActiveCfg = Debug|Any CPU
		{3D1D8595-EFC1-4268-9863-22DED927E447}.Debug|Mixed Platforms.Build.0 = Debug|Any CPU
		{3D1D8595-EFC1-4268-9863-22DED927E447}.Debug|x86.ActiveCfg = Debug|Any CPU
		{3D1D8595-EFC1-4268-9863-22DED927E447}.Release|Any CPU.ActiveCfg = Release|Any CPU
		{3D1D8595-EFC1-4268-9863-22DED927E447}.Release|Any CPU.Build.0 = Release|Any CPU
		{3D1D8595-EFC1-4268-9863-22DED927E447}.Release|Mixed Platforms.ActiveCfg = Release|Any CPU
		{3D1D8595-EFC1-4268-9863-22DED927E447}.Release|Mixed Platforms.Build.0 = Release|Any CPU
		{3D1D8595-EFC1-4268-9863-22DED927E447}.Release|x86.ActiveCfg = Release|Any CPU
	EndGlobalSection
	GlobalSection(SolutionProperties) = preSolution
		HideSolutionNode = FALSE
	EndGlobalSection
EndGlobal
